
Microsoft Visual Studio Solution File, Format Version 11.00
# Visual Studio 2010
Project("{FAE04EC0-301F-11D3-BF4B-00C04F79EFBC}") = "Assembly-CSharp", "Assembly-CSharp.csproj", "{70c12bab-4e88-566f-a323-b887a912b130}"
EndProject
Project("{FAE04EC0-301F-11D3-BF4B-00C04F79EFBC}") = "Assembly-CSharp-Editor", "Assembly-CSharp-Editor.csproj", "{8261c33c-54da-66ca-2f19-a4a1967b5036}"
EndProject
Global
	GlobalSection(SolutionConfigurationPlatforms) = preSolution
		Debug|Any CPU = Debug|Any CPU
	EndGlobalSection
	GlobalSection(ProjectConfigurationPlatforms) = postSolution
		{70c12bab-4e88-566f-a323-b887a912b130}.Debug|Any CPU.ActiveCfg = Debug|Any CPU
		{70c12bab-4e88-566f-a323-b887a912b130}.Debug|Any CPU.Build.0 = Debug|Any CPU
		{8261c33c-54da-66ca-2f19-a4a1967b5036}.Debug|Any CPU.ActiveCfg = Debug|Any CPU
		{8261c33c-54da-66ca-2f19-a4a1967b5036}.Debug|Any CPU.Build.0 = Debug|Any CPU
	EndGlobalSection
	GlobalSection(SolutionProperties) = preSolution
		HideSolutionNode = FALSE
	EndGlobalSection
EndGlobal
